
Microsoft Visual Studio Solution File, Format Version 12.00
# Visual Studio Version 17
VisualStudioVersion = 17.7.34031.279
MinimumVisualStudioVersion = 10.0.40219.1
Project("{9A19103F-16F7-4668-BE54-9A1E7A4F7556}") = "Core.Persistance", "Core.Persistance\Core.Persistance.csproj", "{BE01A55D-40B8-410B-99F5-167B9A10E013}"
EndProject
Project("{9A19103F-16F7-4668-BE54-9A1E7A4F7556}") = "Core.Application", "Core.Application\Core.Application.csproj", "{F54EBBD9-C2AC-4269-A6DB-867B2F20A917}"
EndProject
Project("{FAE04EC0-301F-11D3-BF4B-00C04F79EFBC}") = "Core.CrossCuttingConcerns", "Core.CrossCuttingConcerns\Core.CrossCuttingConcerns.csproj", "{C99104F0-A62C-401D-9687-6E8F433213A7}"
EndProject
Global
	GlobalSection(SolutionConfigurationPlatforms) = preSolution
		Debug|Any CPU = Debug|Any CPU
		Release|Any CPU = Release|Any CPU
	EndGlobalSection
	GlobalSection(ProjectConfigurationPlatforms) = postSolution
		{BE01A55D-40B8-410B-99F5-167B9A10E013}.Debug|Any CPU.ActiveCfg = Debug|Any CPU
		{BE01A55D-40B8-410B-99F5-167B9A10E013}.Debug|Any CPU.Build.0 = Debug|Any CPU
		{BE01A55D-40B8-410B-99F5-167B9A10E013}.Release|Any CPU.ActiveCfg = Release|Any CPU
		{BE01A55D-40B8-410B-99F5-167B9A10E013}.Release|Any CPU.Build.0 = Release|Any CPU
		{F54EBBD9-C2AC-4269-A6DB-867B2F20A917}.Debug|Any CPU.ActiveCfg = Debug|Any CPU
		{F54EBBD9-C2AC-4269-A6DB-867B2F20A917}.Debug|Any CPU.Build.0 = Debug|Any CPU
		{F54EBBD9-C2AC-4269-A6DB-867B2F20A917}.Release|Any CPU.ActiveCfg = Release|Any CPU
		{F54EBBD9-C2AC-4269-A6DB-867B2F20A917}.Release|Any CPU.Build.0 = Release|Any CPU
		{C99104F0-A62C-401D-9687-6E8F433213A7}.Debug|Any CPU.ActiveCfg = Debug|Any CPU
		{C99104F0-A62C-401D-9687-6E8F433213A7}.Debug|Any CPU.Build.0 = Debug|Any CPU
		{C99104F0-A62C-401D-9687-6E8F433213A7}.Release|Any CPU.ActiveCfg = Release|Any CPU
		{C99104F0-A62C-401D-9687-6E8F433213A7}.Release|Any CPU.Build.0 = Release|Any CPU
	EndGlobalSection
	GlobalSection(SolutionProperties) = preSolution
		HideSolutionNode = FALSE
	EndGlobalSection
	GlobalSection(ExtensibilityGlobals) = postSolution
		SolutionGuid = {C81E6233-51BD-4E2C-B3B6-6749506ACAEE}
	EndGlobalSection
EndGlobal
