
Microsoft Visual Studio Solution File, Format Version 12.00
# Visual Studio Version 17
VisualStudioVersion = 17.7.34031.279
MinimumVisualStudioVersion = 10.0.40219.1
Project("{FAE04EC0-301F-11D3-BF4B-00C04F79EFBC}") = "WebApi", "WebApi\WebApi.csproj", "{8AA09975-8739-4272-8CAE-030E975BC037}"
EndProject
Global
	GlobalSection(SolutionConfigurationPlatforms) = preSolution
		Debug|Any CPU = Debug|Any CPU
		Release|Any CPU = Release|Any CPU
	EndGlobalSection
	GlobalSection(ProjectConfigurationPlatforms) = postSolution
		{8AA09975-8739-4272-8CAE-030E975BC037}.Debug|Any CPU.ActiveCfg = Debug|Any CPU
		{8AA09975-8739-4272-8CAE-030E975BC037}.Debug|Any CPU.Build.0 = Debug|Any CPU
		{8AA09975-8739-4272-8CAE-030E975BC037}.Release|Any CPU.ActiveCfg = Release|Any CPU
		{8AA09975-8739-4272-8CAE-030E975BC037}.Release|Any CPU.Build.0 = Release|Any CPU
	EndGlobalSection
	GlobalSection(SolutionProperties) = preSolution
		HideSolutionNode = FALSE
	EndGlobalSection
	GlobalSection(ExtensibilityGlobals) = postSolution
		SolutionGuid = {535014E3-C142-42ED-A433-E601776CC401}
	EndGlobalSection
EndGlobal
